
Microsoft Visual Studio Solution File, Format Version 12.00
# Visual Studio Version 16
VisualStudioVersion = 16.0.33214.272
MinimumVisualStudioVersion = 10.0.40219.1
Project("{9A19103F-16F7-4668-BE54-9A1E7A4F7556}") = "Mission9_cam4del", "Mission9_cam4del\Mission9_cam4del.csproj", "{6963E78D-2E46-4825-A231-A43019841BE6}"
EndProject
Global
	GlobalSection(SolutionConfigurationPlatforms) = preSolution
		Debug|Any CPU = Debug|Any CPU
		Release|Any CPU = Release|Any CPU
	EndGlobalSection
	GlobalSection(ProjectConfigurationPlatforms) = postSolution
		{6963E78D-2E46-4825-A231-A43019841BE6}.Debug|Any CPU.ActiveCfg = Debug|Any CPU
		{6963E78D-2E46-4825-A231-A43019841BE6}.Debug|Any CPU.Build.0 = Debug|Any CPU
		{6963E78D-2E46-4825-A231-A43019841BE6}.Release|Any CPU.ActiveCfg = Release|Any CPU
		{6963E78D-2E46-4825-A231-A43019841BE6}.Release|Any CPU.Build.0 = Release|Any CPU
	EndGlobalSection
	GlobalSection(SolutionProperties) = preSolution
		HideSolutionNode = FALSE
	EndGlobalSection
	GlobalSection(ExtensibilityGlobals) = postSolution
		SolutionGuid = {A97E493B-4031-4E0E-87D1-91E7C5F18A8B}
	EndGlobalSection
EndGlobal
